// !$*UTF8*$!
{
	archiveVersion = 1;
	classes = {
	};
	objectVersion = 48;
	objects = {

/* Begin PBXBuildFile section */
		D3DAC99D1FCBAAA900F18121 /* AppDelegate.swift in Sources */ = {isa = PBXBuildFile; fileRef = D3DAC99C1FCBAAA900F18121 /* AppDelegate.swift */; };
		D3DAC99F1FCBAAA900F18121 /* ViewController.swift in Sources */ = {isa = PBXBuildFile; fileRef = D3DAC99E1FCBAAA900F18121 /* ViewController.swift */; };
		D3DAC9A21FCBAAA900F18121 /* Main.storyboard in Resources */ = {isa = PBXBuildFile; fileRef = D3DAC9A01FCBAAA900F18121 /* Main.storyboard */; };
		D3DAC9A41FCBAAA900F18121 /* Assets.xcassets in Resources */ = {isa = PBXBuildFile; fileRef = D3DAC9A31FCBAAA900F18121 /* Assets.xcassets */; };
		D3DAC9A71FCBAAA900F18121 /* LaunchScreen.storyboard in Resources */ = {isa = PBXBuildFile; fileRef = D3DAC9A51FCBAAA900F18121 /* LaunchScreen.storyboard */; };
		D3DAC9B01FCBBEC500F18121 /* TitleView.swift in Sources */ = {isa = PBXBuildFile; fileRef = D3DAC9AF1FCBBEC500F18121 /* TitleView.swift */; };
		D3DAC9B21FCBBECF00F18121 /* ContentView.swift in Sources */ = {isa = PBXBuildFile; fileRef = D3DAC9B11FCBBECF00F18121 /* ContentView.swift */; };
		D3DAC9B41FCBBEDA00F18121 /* TitleContentView.swift in Sources */ = {isa = PBXBuildFile; fileRef = D3DAC9B31FCBBEDA00F18121 /* TitleContentView.swift */; };
		D3DAC9B61FCBBFF600F18121 /* PageStyle.swift in Sources */ = {isa = PBXBuildFile; fileRef = D3DAC9B51FCBBFF600F18121 /* PageStyle.swift */; };
		D3DAC9B81FCBC2DB00F18121 /* UIColor-Extension.swift in Sources */ = {isa = PBXBuildFile; fileRef = D3DAC9B71FCBC2DB00F18121 /* UIColor-Extension.swift */; };
/* End PBXBuildFile section */

/* Begin PBXFileReference section */
		D3DAC9991FCBAAA900F18121 /* TitleContentView.app */ = {isa = PBXFileReference; explicitFileType = wrapper.application; includeInIndex = 0; path = TitleContentView.app; sourceTree = BUILT_PRODUCTS_DIR; };
		D3DAC99C1FCBAAA900F18121 /* AppDelegate.swift */ = {isa = PBXFileReference; lastKnownFileType = sourcecode.swift; path = AppDelegate.swift; sourceTree = "<group>"; };
		D3DAC99E1FCBAAA900F18121 /* ViewController.swift */ = {isa = PBXFileReference; lastKnownFileType = sourcecode.swift; path = ViewController.swift; sourceTree = "<group>"; };
		D3DAC9A11FCBAAA900F18121 /* Base */ = {isa = PBXFileReference; lastKnownFileType = file.storyboard; name = Base; path = Base.lproj/Main.storyboard; sourceTree = "<group>"; };
		D3DAC9A31FCBAAA900F18121 /* Assets.xcassets */ = {isa = PBXFileReference; lastKnownFileType = folder.assetcatalog; path = Assets.xcassets; sourceTree = "<group>"; };
		D3DAC9A61FCBAAA900F18121 /* Base */ = {isa = PBXFileReference; lastKnownFileType = file.storyboard; name = Base; path = Base.lproj/LaunchScreen.storyboard; sourceTree = "<group>"; };
		D3DAC9A81FCBAAA900F18121 /* Info.plist */ = {isa = PBXFileReference; lastKnownFileType = text.plist.xml; path = Info.plist; sourceTree = "<group>"; };
		D3DAC9AF1FCBBEC500F18121 /* TitleView.swift */ = {isa = PBXFileReference; lastKnownFileType = sourcecode.swift; path = TitleView.swift; sourceTree = "<group>"; };
		D3DAC9B11FCBBECF00F18121 /* ContentView.swift */ = {isa = PBXFileReference; lastKnownFileType = sourcecode.swift; path = ContentView.swift; sourceTree = "<group>"; };
		D3DAC9B31FCBBEDA00F18121 /* TitleContentView.swift */ = {isa = PBXFileReference; lastKnownFileType = sourcecode.swift; path = TitleContentView.swift; sourceTree = "<group>"; };
		D3DAC9B51FCBBFF600F18121 /* PageStyle.swift */ = {isa = PBXFileReference; lastKnownFileType = sourcecode.swift; path = PageStyle.swift; sourceTree = "<group>"; };
		D3DAC9B71FCBC2DB00F18121 /* UIColor-Extension.swift */ = {isa = PBXFileReference; lastKnownFileType = sourcecode.swift; path = "UIColor-Extension.swift"; sourceTree = "<group>"; };
/* End PBXFileReference section */

/* Begin PBXFrameworksBuildPhase section */
		D3DAC9961FCBAAA900F18121 /* Frameworks */ = {
			isa = PBXFrameworksBuildPhase;
			buildActionMask = 2147483647;
			files = (
			);
			runOnlyForDeploymentPostprocessing = 0;
		};
/* End PBXFrameworksBuildPhase section */

/* Begin PBXGroup section */
		D3DAC9901FCBAAA900F18121 = {
			isa = PBXGroup;
			children = (
				D3DAC99B1FCBAAA900F18121 /* TitleContentView */,
				D3DAC99A1FCBAAA900F18121 /* Products */,
			);
			sourceTree = "<group>";
		};
		D3DAC99A1FCBAAA900F18121 /* Products */ = {
			isa = PBXGroup;
			children = (
				D3DAC9991FCBAAA900F18121 /* TitleContentView.app */,
			);
			name = Products;
			sourceTree = "<group>";
		};
		D3DAC99B1FCBAAA900F18121 /* TitleContentView */ = {
			isa = PBXGroup;
			children = (
				D3DAC9AE1FCBBEBB00F18121 /* TitleContentView */,
				D3DAC99C1FCBAAA900F18121 /* AppDelegate.swift */,
				D3DAC99E1FCBAAA900F18121 /* ViewController.swift */,
				D3DAC9A01FCBAAA900F18121 /* Main.storyboard */,
				D3DAC9A31FCBAAA900F18121 /* Assets.xcassets */,
				D3DAC9A51FCBAAA900F18121 /* LaunchScreen.storyboard */,
				D3DAC9A81FCBAAA900F18121 /* Info.plist */,
				D3DAC9B71FCBC2DB00F18121 /* UIColor-Extension.swift */,
			);
			path = TitleContentView;
			sourceTree = "<group>";
		};
		D3DAC9AE1FCBBEBB00F18121 /* TitleContentView */ = {
			isa = PBXGroup;
			children = (
				D3DAC9AF1FCBBEC500F18121 /* TitleView.swift */,
				D3DAC9B11FCBBECF00F18121 /* ContentView.swift */,
				D3DAC9B31FCBBEDA00F18121 /* TitleContentView.swift */,
				D3DAC9B51FCBBFF600F18121 /* PageStyle.swift */,
			);
			path = TitleContentView;
			sourceTree = "<group>";
		};
/* End PBXGroup section */

/* Begin PBXNativeTarget section */
		D3DAC9981FCBAAA900F18121 /* TitleContentView */ = {
			isa = PBXNativeTarget;
			buildConfigurationList = D3DAC9AB1FCBAAA900F18121 /* Build configuration list for PBXNativeTarget "TitleContentView" */;
			buildPhases = (
				D3DAC9951FCBAAA900F18121 /* Sources */,
				D3DAC9961FCBAAA900F18121 /* Frameworks */,
				D3DAC9971FCBAAA900F18121 /* Resources */,
			);
			buildRules = (
			);
			dependencies = (
			);
			name = TitleContentView;
			productName = TitleContentView;
			productReference = D3DAC9991FCBAAA900F18121 /* TitleContentView.app */;
			productType = "com.apple.product-type.application";
		};
/* End PBXNativeTarget section */

/* Begin PBXProject section */
		D3DAC9911FCBAAA900F18121 /* Project object */ = {
			isa = PBXProject;
			attributes = {
				LastSwiftUpdateCheck = 0910;
				LastUpgradeCheck = 0910;
				ORGANIZATIONNAME = brian;
				TargetAttributes = {
					D3DAC9981FCBAAA900F18121 = {
						CreatedOnToolsVersion = 9.1;
						ProvisioningStyle = Automatic;
					};
				};
			};
			buildConfigurationList = D3DAC9941FCBAAA900F18121 /* Build configuration list for PBXProject "TitleContentView" */;
			compatibilityVersion = "Xcode 8.0";
			developmentRegion = en;
			hasScannedForEncodings = 0;
			knownRegions = (
				en,
				Base,
			);
			mainGroup = D3DAC9901FCBAAA900F18121;
			productRefGroup = D3DAC99A1FCBAAA900F18121 /* Products */;
			projectDirPath = "";
			projectRoot = "";
			targets = (
				D3DAC9981FCBAAA900F18121 /* TitleContentView */,
			);
		};
/* End PBXProject section */

/* Begin PBXResourcesBuildPhase section */
		D3DAC9971FCBAAA900F18121 /* Resources */ = {
			isa = PBXResourcesBuildPhase;
			buildActionMask = 2147483647;
			files = (
				D3DAC9A71FCBAAA900F18121 /* LaunchScreen.storyboard in Resources */,
				D3DAC9A41FCBAAA900F18121 /* Assets.xcassets in Resources */,
				D3DAC9A21FCBAAA900F18121 /* Main.storyboard in Resources */,
			);
			runOnlyForDeploymentPostprocessing = 0;
		};
/* End PBXResourcesBuildPhase section */

/* Begin PBXSourcesBuildPhase section */
		D3DAC9951FCBAAA900F18121 /* Sources */ = {
			isa = PBXSourcesBuildPhase;
			buildActionMask = 2147483647;
			files = (
				D3DAC99F1FCBAAA900F18121 /* ViewController.swift in Sources */,
				D3DAC9B41FCBBEDA00F18121 /* TitleContentView.swift in Sources */,
				D3DAC99D1FCBAAA900F18121 /* AppDelegate.swift in Sources */,
				D3DAC9B21FCBBECF00F18121 /* ContentView.swift in Sources */,
				D3DAC9B61FCBBFF600F18121 /* PageStyle.swift in Sources */,
				D3DAC9B81FCBC2DB00F18121 /* UIColor-Extension.swift in Sources */,
				D3DAC9B01FCBBEC500F18121 /* TitleView.swift in Sources */,
			);
			runOnlyForDeploymentPostprocessing = 0;
		};
/* End PBXSourcesBuildPhase section */

/* Begin PBXVariantGroup section */
		D3DAC9A01FCBAAA900F18121 /* Main.storyboard */ = {
			isa = PBXVariantGroup;
			children = (
				D3DAC9A11FCBAAA900F18121 /* Base */,
			);
			name = Main.storyboard;
			sourceTree = "<group>";
		};
		D3DAC9A51FCBAAA900F18121 /* LaunchScreen.storyboard */ = {
			isa = PBXVariantGroup;
			children = (
				D3DAC9A61FCBAAA900F18121 /* Base */,
			);
			name = LaunchScreen.storyboard;
			sourceTree = "<group>";
		};
/* End PBXVariantGroup section */

/* Begin XCBuildConfiguration section */
		D3DAC9A91FCBAAA900F18121 /* Debug */ = {
			isa = XCBuildConfiguration;
			buildSettings = {
				ALWAYS_SEARCH_USER_PATHS = NO;
				CLANG_ANALYZER_NONNULL = YES;
				CLANG_ANALYZER_NUMBER_OBJECT_CONVERSION = YES_AGGRESSIVE;
				CLANG_CXX_LANGUAGE_STANDARD = "gnu++14";
				CLANG_CXX_LIBRARY = "libc++";
				CLANG_ENABLE_MODULES = YES;
				CLANG_ENABLE_OBJC_ARC = YES;
				CLANG_WARN_BLOCK_CAPTURE_AUTORELEASING = YES;
				CLANG_WARN_BOOL_CONVERSION = YES;
				CLANG_WARN_COMMA = YES;
				CLANG_WARN_CONSTANT_CONVERSION = YES;
				CLANG_WARN_DIRECT_OBJC_ISA_USAGE = YES_ERROR;
				CLANG_WARN_DOCUMENTATION_COMMENTS = YES;
				CLANG_WARN_EMPTY_BODY = YES;
				CLANG_WARN_ENUM_CONVERSION = YES;
				CLANG_WARN_INFINITE_RECURSION = YES;
				CLANG_WARN_INT_CONVERSION = YES;
				CLANG_WARN_NON_LITERAL_NULL_CONVERSION = YES;
				CLANG_WARN_OBJC_LITERAL_CONVERSION = YES;
				CLANG_WARN_OBJC_ROOT_CLASS = YES_ERROR;
				CLANG_WARN_RANGE_LOOP_ANALYSIS = YES;
				CLANG_WARN_STRICT_PROTOTYPES = YES;
				CLANG_WARN_SUSPICIOUS_MOVE = YES;
				CLANG_WARN_UNGUARDED_AVAILABILITY = YES_AGGRESSIVE;
				CLANG_WARN_UNREACHABLE_CODE = YES;
				CLANG_WARN__DUPLICATE_METHOD_MATCH = YES;
				CODE_SIGN_IDENTITY = "iPhone Developer";
				COPY_PHASE_STRIP = NO;
				DEBUG_INFORMATION_FORMAT = dwarf;
				ENABLE_STRICT_OBJC_MSGSEND = YES;
				ENABLE_TESTABILITY = YES;
				GCC_C_LANGUAGE_STANDARD = gnu11;
				GCC_DYNAMIC_NO_PIC = NO;
				GCC_NO_COMMON_BLOCKS = YES;
				GCC_OPTIMIZATION_LEVEL = 0;
				GCC_PREPROCESSOR_DEFINITIONS = (
					"DEBUG=1",
					"$(inherited)",
				);
				GCC_WARN_64_TO_32_BIT_CONVERSION = YES;
				GCC_WARN_ABOUT_RETURN_TYPE = YES_ERROR;
				GCC_WARN_UNDECLARED_SELECTOR = YES;
				GCC_WARN_UNINITIALIZED_AUTOS = YES_AGGRESSIVE;
				GCC_WARN_UNUSED_FUNCTION = YES;
				GCC_WARN_UNUSED_VARIABLE = YES;
				IPHONEOS_DEPLOYMENT_TARGET = 11.1;
				MTL_ENABLE_DEBUG_INFO = YES;
				ONLY_ACTIVE_ARCH = YES;
				SDKROOT = iphoneos;
				SWIFT_ACTIVE_COMPILATION_CONDITIONS = DEBUG;
				SWIFT_OPTIMIZATION_LEVEL = "-Onone";
			};
			name = Debug;
		};
		D3DAC9AA1FCBAAA900F18121 /* Release */ = {
			isa = XCBuildConfiguration;
			buildSettings = {
				ALWAYS_SEARCH_USER_PATHS = NO;
				CLANG_ANALYZER_NONNULL = YES;
				CLANG_ANALYZER_NUMBER_OBJECT_CONVERSION = YES_AGGRESSIVE;
				CLANG_CXX_LANGUAGE_STANDARD = "gnu++14";
				CLANG_CXX_LIBRARY = "libc++";
				CLANG_ENABLE_MODULES = YES;
				CLANG_ENABLE_OBJC_ARC = YES;
				CLANG_WARN_BLOCK_CAPTURE_AUTORELEASING = YES;
				CLANG_WARN_BOOL_CONVERSION = YES;
				CLANG_WARN_COMMA = YES;
				CLANG_WARN_CONSTANT_CONVERSION = YES;
				CLANG_WARN_DIRECT_OBJC_ISA_USAGE = YES_ERROR;
				CLANG_WARN_DOCUMENTATION_COMMENTS = YES;
				CLANG_WARN_EMPTY_BODY = YES;
				CLANG_WARN_ENUM_CONVERSION = YES;
				CLANG_WARN_INFINITE_RECURSION = YES;
				CLANG_WARN_INT_CONVERSION = YES;
				CLANG_WARN_NON_LITERAL_NULL_CONVERSION = YES;
				CLANG_WARN_OBJC_LITERAL_CONVERSION = YES;
				CLANG_WARN_OBJC_ROOT_CLASS = YES_ERROR;
				CLANG_WARN_RANGE_LOOP_ANALYSIS = YES;
				CLANG_WARN_STRICT_PROTOTYPES = YES;
				CLANG_WARN_SUSPICIOUS_MOVE = YES;
				CLANG_WARN_UNGUARDED_AVAILABILITY = YES_AGGRESSIVE;
				CLANG_WARN_UNREACHABLE_CODE = YES;
				CLANG_WARN__DUPLICATE_METHOD_MATCH = YES;
				CODE_SIGN_IDENTITY = "iPhone Developer";
				COPY_PHASE_STRIP = NO;
				DEBUG_INFORMATION_FORMAT = "dwarf-with-dsym";
				ENABLE_NS_ASSERTIONS = NO;
				ENABLE_STRICT_OBJC_MSGSEND = YES;
				GCC_C_LANGUAGE_STANDARD = gnu11;
				GCC_NO_COMMON_BLOCKS = YES;
				GCC_WARN_64_TO_32_BIT_CONVERSION = YES;
				GCC_WARN_ABOUT_RETURN_TYPE = YES_ERROR;
				GCC_WARN_UNDECLARED_SELECTOR = YES;
				GCC_WARN_UNINITIALIZED_AUTOS = YES_AGGRESSIVE;
				GCC_WARN_UNUSED_FUNCTION = YES;
				GCC_WARN_UNUSED_VARIABLE = YES;
				IPHONEOS_DEPLOYMENT_TARGET = 11.1;
				MTL_ENABLE_DEBUG_INFO = NO;
				SDKROOT = iphoneos;
				SWIFT_OPTIMIZATION_LEVEL = "-Owholemodule";
				VALIDATE_PRODUCT = YES;
			};
			name = Release;
		};
		D3DAC9AC1FCBAAA900F18121 /* Debug */ = {
			isa = XCBuildConfiguration;
			buildSettings = {
				ASSETCATALOG_COMPILER_APPICON_NAME = AppIcon;
				CODE_SIGN_STYLE = Automatic;
				DEVELOPMENT_TEAM = 8ZZS76SEL5;
				INFOPLIST_FILE = TitleContentView/Info.plist;
				IPHONEOS_DEPLOYMENT_TARGET = 10.0;
				LD_RUNPATH_SEARCH_PATHS = "$(inherited) @executable_path/Frameworks";
				PRODUCT_BUNDLE_IDENTIFIER = com.brian.TitleContentView;
				PRODUCT_NAME = "$(TARGET_NAME)";
				SWIFT_VERSION = 4.0;
				TARGETED_DEVICE_FAMILY = "1,2";
			};
			name = Debug;
		};
		D3DAC9AD1FCBAAA900F18121 /* Release */ = {
			isa = XCBuildConfiguration;
			buildSettings = {
				ASSETCATALOG_COMPILER_APPICON_NAME = AppIcon;
				CODE_SIGN_STYLE = Automatic;
				DEVELOPMENT_TEAM = 8ZZS76SEL5;
				INFOPLIST_FILE = TitleContentView/Info.plist;
				IPHONEOS_DEPLOYMENT_TARGET = 10.0;
				LD_RUNPATH_SEARCH_PATHS = "$(inherited) @executable_path/Frameworks";
				PRODUCT_BUNDLE_IDENTIFIER = com.brian.TitleContentView;
				PRODUCT_NAME = "$(TARGET_NAME)";
				SWIFT_VERSION = 4.0;
				TARGETED_DEVICE_FAMILY = "1,2";
			};
			name = Release;
		};
/* End XCBuildConfiguration section */

/* Begin XCConfigurationList section */
		D3DAC9941FCBAAA900F18121 /* Build configuration list for PBXProject "TitleContentView" */ = {
			isa = XCConfigurationList;
			buildConfigurations = (
				D3DAC9A91FCBAAA900F18121 /* Debug */,
				D3DAC9AA1FCBAAA900F18121 /* Release */,
			);
			defaultConfigurationIsVisible = 0;
			defaultConfigurationName = Release;
		};
		D3DAC9AB1FCBAAA900F18121 /* Build configuration list for PBXNativeTarget "TitleContentView" */ = {
			isa = XCConfigurationList;
			buildConfigurations = (
				D3DAC9AC1FCBAAA900F18121 /* Debug */,
				D3DAC9AD1FCBAAA900F18121 /* Release */,
			);
			defaultConfigurationIsVisible = 0;
			defaultConfigurationName = Release;
		};
/* End XCConfigurationList section */
	};
	rootObject = D3DAC9911FCBAAA900F18121 /* Project object */;
}
